
Microsoft Visual Studio Solution File, Format Version 12.00
# Visual Studio Version 16
VisualStudioVersion = 16.0.29326.143
MinimumVisualStudioVersion = 10.0.40219.1
Project("{8BC9CEB8-8B4A-11D0-8D11-00A0C91BC942}") = "assignment 2", "assignment 2\assignment 2.vcxproj", "{B01DA47B-4BBF-4683-8DD9-C06FEB99171C}"
EndProject
Global
	GlobalSection(SolutionConfigurationPlatforms) = preSolution
		Debug|x64 = Debug|x64
		Debug|x86 = Debug|x86
		Release|x64 = Release|x64
		Release|x86 = Release|x86
	EndGlobalSection
	GlobalSection(ProjectConfigurationPlatforms) = postSolution
		{B01DA47B-4BBF-4683-8DD9-C06FEB99171C}.Debug|x64.ActiveCfg = Debug|x64
		{B01DA47B-4BBF-4683-8DD9-C06FEB99171C}.Debug|x64.Build.0 = Debug|x64
		{B01DA47B-4BBF-4683-8DD9-C06FEB99171C}.Debug|x86.ActiveCfg = Debug|Win32
		{B01DA47B-4BBF-4683-8DD9-C06FEB99171C}.Debug|x86.Build.0 = Debug|Win32
		{B01DA47B-4BBF-4683-8DD9-C06FEB99171C}.Release|x64.ActiveCfg = Release|x64
		{B01DA47B-4BBF-4683-8DD9-C06FEB99171C}.Release|x64.Build.0 = Release|x64
		{B01DA47B-4BBF-4683-8DD9-C06FEB99171C}.Release|x86.ActiveCfg = Release|Win32
		{B01DA47B-4BBF-4683-8DD9-C06FEB99171C}.Release|x86.Build.0 = Release|Win32
	EndGlobalSection
	GlobalSection(SolutionProperties) = preSolution
		HideSolutionNode = FALSE
	EndGlobalSection
	GlobalSection(ExtensibilityGlobals) = postSolution
		SolutionGuid = {3DE2C6A9-D24B-4EF6-ADD9-A0630CCEBD72}
	EndGlobalSection
EndGlobal
